
Microsoft Visual Studio Solution File, Format Version 12.00
# Visual Studio Version 17
VisualStudioVersion = 17.0.31903.59
MinimumVisualStudioVersion = 10.0.40219.1
Project("{FAE04EC0-301F-11D3-BF4B-00C04F79EFBC}") = "StoryGenerator.Core", "StoryGenerator.Core\StoryGenerator.Core.csproj", "{E7877423-FAAF-4797-A8EA-DADD392A3E41}"
EndProject
Project("{FAE04EC0-301F-11D3-BF4B-00C04F79EFBC}") = "StoryGenerator.Generators", "StoryGenerator.Generators\StoryGenerator.Generators.csproj", "{018A124B-04D8-4977-9234-6018DB97FF8F}"
EndProject
Project("{FAE04EC0-301F-11D3-BF4B-00C04F79EFBC}") = "StoryGenerator.Providers", "StoryGenerator.Providers\StoryGenerator.Providers.csproj", "{2A2A7981-F629-4777-8BAE-A1993BCD5CB6}"
EndProject
Project("{FAE04EC0-301F-11D3-BF4B-00C04F79EFBC}") = "StoryGenerator.CLI", "StoryGenerator.CLI\StoryGenerator.CLI.csproj", "{3F5D6247-44C0-4E1D-874C-42118A187230}"
EndProject
Project("{FAE04EC0-301F-11D3-BF4B-00C04F79EFBC}") = "StoryGenerator.Tests", "StoryGenerator.Tests\StoryGenerator.Tests.csproj", "{1D6B52DB-4F05-4CD0-8658-9CC71F382FB6}"
EndProject
Global
	GlobalSection(SolutionConfigurationPlatforms) = preSolution
		Debug|Any CPU = Debug|Any CPU
		Debug|x64 = Debug|x64
		Debug|x86 = Debug|x86
		Release|Any CPU = Release|Any CPU
		Release|x64 = Release|x64
		Release|x86 = Release|x86
	EndGlobalSection
	GlobalSection(ProjectConfigurationPlatforms) = postSolution
		{E7877423-FAAF-4797-A8EA-DADD392A3E41}.Debug|Any CPU.ActiveCfg = Debug|Any CPU
		{E7877423-FAAF-4797-A8EA-DADD392A3E41}.Debug|Any CPU.Build.0 = Debug|Any CPU
		{E7877423-FAAF-4797-A8EA-DADD392A3E41}.Debug|x64.ActiveCfg = Debug|Any CPU
		{E7877423-FAAF-4797-A8EA-DADD392A3E41}.Debug|x64.Build.0 = Debug|Any CPU
		{E7877423-FAAF-4797-A8EA-DADD392A3E41}.Debug|x86.ActiveCfg = Debug|Any CPU
		{E7877423-FAAF-4797-A8EA-DADD392A3E41}.Debug|x86.Build.0 = Debug|Any CPU
		{E7877423-FAAF-4797-A8EA-DADD392A3E41}.Release|Any CPU.ActiveCfg = Release|Any CPU
		{E7877423-FAAF-4797-A8EA-DADD392A3E41}.Release|Any CPU.Build.0 = Release|Any CPU
		{E7877423-FAAF-4797-A8EA-DADD392A3E41}.Release|x64.ActiveCfg = Release|Any CPU
		{E7877423-FAAF-4797-A8EA-DADD392A3E41}.Release|x64.Build.0 = Release|Any CPU
		{E7877423-FAAF-4797-A8EA-DADD392A3E41}.Release|x86.ActiveCfg = Release|Any CPU
		{E7877423-FAAF-4797-A8EA-DADD392A3E41}.Release|x86.Build.0 = Release|Any CPU
		{018A124B-04D8-4977-9234-6018DB97FF8F}.Debug|Any CPU.ActiveCfg = Debug|Any CPU
		{018A124B-04D8-4977-9234-6018DB97FF8F}.Debug|Any CPU.Build.0 = Debug|Any CPU
		{018A124B-04D8-4977-9234-6018DB97FF8F}.Debug|x64.ActiveCfg = Debug|Any CPU
		{018A124B-04D8-4977-9234-6018DB97FF8F}.Debug|x64.Build.0 = Debug|Any CPU
		{018A124B-04D8-4977-9234-6018DB97FF8F}.Debug|x86.ActiveCfg = Debug|Any CPU
		{018A124B-04D8-4977-9234-6018DB97FF8F}.Debug|x86.Build.0 = Debug|Any CPU
		{018A124B-04D8-4977-9234-6018DB97FF8F}.Release|Any CPU.ActiveCfg = Release|Any CPU
		{018A124B-04D8-4977-9234-6018DB97FF8F}.Release|Any CPU.Build.0 = Release|Any CPU
		{018A124B-04D8-4977-9234-6018DB97FF8F}.Release|x64.ActiveCfg = Release|Any CPU
		{018A124B-04D8-4977-9234-6018DB97FF8F}.Release|x64.Build.0 = Release|Any CPU
		{018A124B-04D8-4977-9234-6018DB97FF8F}.Release|x86.ActiveCfg = Release|Any CPU
		{018A124B-04D8-4977-9234-6018DB97FF8F}.Release|x86.Build.0 = Release|Any CPU
		{2A2A7981-F629-4777-8BAE-A1993BCD5CB6}.Debug|Any CPU.ActiveCfg = Debug|Any CPU
		{2A2A7981-F629-4777-8BAE-A1993BCD5CB6}.Debug|Any CPU.Build.0 = Debug|Any CPU
		{2A2A7981-F629-4777-8BAE-A1993BCD5CB6}.Debug|x64.ActiveCfg = Debug|Any CPU
		{2A2A7981-F629-4777-8BAE-A1993BCD5CB6}.Debug|x64.Build.0 = Debug|Any CPU
		{2A2A7981-F629-4777-8BAE-A1993BCD5CB6}.Debug|x86.ActiveCfg = Debug|Any CPU
		{2A2A7981-F629-4777-8BAE-A1993BCD5CB6}.Debug|x86.Build.0 = Debug|Any CPU
		{2A2A7981-F629-4777-8BAE-A1993BCD5CB6}.Release|Any CPU.ActiveCfg = Release|Any CPU
		{2A2A7981-F629-4777-8BAE-A1993BCD5CB6}.Release|Any CPU.Build.0 = Release|Any CPU
		{2A2A7981-F629-4777-8BAE-A1993BCD5CB6}.Release|x64.ActiveCfg = Release|Any CPU
		{2A2A7981-F629-4777-8BAE-A1993BCD5CB6}.Release|x64.Build.0 = Release|Any CPU
		{2A2A7981-F629-4777-8BAE-A1993BCD5CB6}.Release|x86.ActiveCfg = Release|Any CPU
		{2A2A7981-F629-4777-8BAE-A1993BCD5CB6}.Release|x86.Build.0 = Release|Any CPU
		{3F5D6247-44C0-4E1D-874C-42118A187230}.Debug|Any CPU.ActiveCfg = Debug|Any CPU
		{3F5D6247-44C0-4E1D-874C-42118A187230}.Debug|Any CPU.Build.0 = Debug|Any CPU
		{3F5D6247-44C0-4E1D-874C-42118A187230}.Debug|x64.ActiveCfg = Debug|Any CPU
		{3F5D6247-44C0-4E1D-874C-42118A187230}.Debug|x64.Build.0 = Debug|Any CPU
		{3F5D6247-44C0-4E1D-874C-42118A187230}.Debug|x86.ActiveCfg = Debug|Any CPU
		{3F5D6247-44C0-4E1D-874C-42118A187230}.Debug|x86.Build.0 = Debug|Any CPU
		{3F5D6247-44C0-4E1D-874C-42118A187230}.Release|Any CPU.ActiveCfg = Release|Any CPU
		{3F5D6247-44C0-4E1D-874C-42118A187230}.Release|Any CPU.Build.0 = Release|Any CPU
		{3F5D6247-44C0-4E1D-874C-42118A187230}.Release|x64.ActiveCfg = Release|Any CPU
		{3F5D6247-44C0-4E1D-874C-42118A187230}.Release|x64.Build.0 = Release|Any CPU
		{3F5D6247-44C0-4E1D-874C-42118A187230}.Release|x86.ActiveCfg = Release|Any CPU
		{3F5D6247-44C0-4E1D-874C-42118A187230}.Release|x86.Build.0 = Release|Any CPU
		{1D6B52DB-4F05-4CD0-8658-9CC71F382FB6}.Debug|Any CPU.ActiveCfg = Debug|Any CPU
		{1D6B52DB-4F05-4CD0-8658-9CC71F382FB6}.Debug|Any CPU.Build.0 = Debug|Any CPU
		{1D6B52DB-4F05-4CD0-8658-9CC71F382FB6}.Debug|x64.ActiveCfg = Debug|Any CPU
		{1D6B52DB-4F05-4CD0-8658-9CC71F382FB6}.Debug|x64.Build.0 = Debug|Any CPU
		{1D6B52DB-4F05-4CD0-8658-9CC71F382FB6}.Debug|x86.ActiveCfg = Debug|Any CPU
		{1D6B52DB-4F05-4CD0-8658-9CC71F382FB6}.Debug|x86.Build.0 = Debug|Any CPU
		{1D6B52DB-4F05-4CD0-8658-9CC71F382FB6}.Release|Any CPU.ActiveCfg = Release|Any CPU
		{1D6B52DB-4F05-4CD0-8658-9CC71F382FB6}.Release|Any CPU.Build.0 = Release|Any CPU
		{1D6B52DB-4F05-4CD0-8658-9CC71F382FB6}.Release|x64.ActiveCfg = Release|Any CPU
		{1D6B52DB-4F05-4CD0-8658-9CC71F382FB6}.Release|x64.Build.0 = Release|Any CPU
		{1D6B52DB-4F05-4CD0-8658-9CC71F382FB6}.Release|x86.ActiveCfg = Release|Any CPU
		{1D6B52DB-4F05-4CD0-8658-9CC71F382FB6}.Release|x86.Build.0 = Release|Any CPU
	EndGlobalSection
	GlobalSection(SolutionProperties) = preSolution
		HideSolutionNode = FALSE
	EndGlobalSection
EndGlobal
