
Microsoft Visual Studio Solution File, Format Version 12.00
# Visual Studio Version 17
VisualStudioVersion = 17.0.31903.59
MinimumVisualStudioVersion = 10.0.40219.1
Project("{FAE04EC0-301F-11D3-BF4B-00C04F79EFBC}") = "StoryGenerator.Core", "StoryGenerator.Core\StoryGenerator.Core.csproj", "{E7877423-FAAF-4797-A8EA-DADD392A3E41}"
EndProject
Project("{FAE04EC0-301F-11D3-BF4B-00C04F79EFBC}") = "StoryGenerator.Generators", "StoryGenerator.Generators\StoryGenerator.Generators.csproj", "{018A124B-04D8-4977-9234-6018DB97FF8F}"
EndProject
Project("{FAE04EC0-301F-11D3-BF4B-00C04F79EFBC}") = "StoryGenerator.Providers", "StoryGenerator.Providers\StoryGenerator.Providers.csproj", "{2A2A7981-F629-4777-8BAE-A1993BCD5CB6}"
EndProject
Project("{FAE04EC0-301F-11D3-BF4B-00C04F79EFBC}") = "StoryGenerator.CLI", "StoryGenerator.CLI\StoryGenerator.CLI.csproj", "{3F5D6247-44C0-4E1D-874C-42118A187230}"
EndProject
Project("{FAE04EC0-301F-11D3-BF4B-00C04F79EFBC}") = "StoryGenerator.Tests", "StoryGenerator.Tests\StoryGenerator.Tests.csproj", "{1D6B52DB-4F05-4CD0-8658-9CC71F382FB6}"
EndProject
Project("{FAE04EC0-301F-11D3-BF4B-00C04F79EFBC}") = "StoryGenerator.Data", "StoryGenerator.Data\StoryGenerator.Data.csproj", "{6109B3FA-947C-42E8-974F-71B1AD99D2B8}"
EndProject
Project("{FAE04EC0-301F-11D3-BF4B-00C04F79EFBC}") = "StoryGenerator.Research", "StoryGenerator.Research\StoryGenerator.Research.csproj", "{7782A970-8A88-4D5C-9172-5D396439A2CA}"
EndProject
Project("{FAE04EC0-301F-11D3-BF4B-00C04F79EFBC}") = "StoryGenerator.Research.Tests", "StoryGenerator.Research.Tests\StoryGenerator.Research.Tests.csproj", "{2440DADE-E616-4649-8889-4BF56FCA0D39}"
EndProject
Project("{FAE04EC0-301F-11D3-BF4B-00C04F79EFBC}") = "StoryGenerator.Pipeline", "StoryGenerator.Pipeline\StoryGenerator.Pipeline.csproj", "{EB8EF47E-EA81-432E-A45C-1033435FEC98}"
EndProject
Project("{2150E333-8FDC-42A3-9474-1A3956D46DE8}") = "SubtitleAlignment.Example", "SubtitleAlignment.Example", "{52C22BE7-582B-9475-5D84-56A5B47D2311}"
EndProject
Project("{FAE04EC0-301F-11D3-BF4B-00C04F79EFBC}") = "StoryGenerator.SubtitleAlignment.Example", "SubtitleAlignment.Example\StoryGenerator.SubtitleAlignment.Example.csproj", "{0D034C95-D07D-4B2C-9B04-FD1A55530244}"
EndProject
Global
	GlobalSection(SolutionConfigurationPlatforms) = preSolution
		Debug|Any CPU = Debug|Any CPU
		Debug|x64 = Debug|x64
		Debug|x86 = Debug|x86
		Release|Any CPU = Release|Any CPU
		Release|x64 = Release|x64
		Release|x86 = Release|x86
	EndGlobalSection
	GlobalSection(ProjectConfigurationPlatforms) = postSolution
		{E7877423-FAAF-4797-A8EA-DADD392A3E41}.Debug|Any CPU.ActiveCfg = Debug|Any CPU
		{E7877423-FAAF-4797-A8EA-DADD392A3E41}.Debug|Any CPU.Build.0 = Debug|Any CPU
		{E7877423-FAAF-4797-A8EA-DADD392A3E41}.Debug|x64.ActiveCfg = Debug|Any CPU
		{E7877423-FAAF-4797-A8EA-DADD392A3E41}.Debug|x64.Build.0 = Debug|Any CPU
		{E7877423-FAAF-4797-A8EA-DADD392A3E41}.Debug|x86.ActiveCfg = Debug|Any CPU
		{E7877423-FAAF-4797-A8EA-DADD392A3E41}.Debug|x86.Build.0 = Debug|Any CPU
		{E7877423-FAAF-4797-A8EA-DADD392A3E41}.Release|Any CPU.ActiveCfg = Release|Any CPU
		{E7877423-FAAF-4797-A8EA-DADD392A3E41}.Release|Any CPU.Build.0 = Release|Any CPU
		{E7877423-FAAF-4797-A8EA-DADD392A3E41}.Release|x64.ActiveCfg = Release|Any CPU
		{E7877423-FAAF-4797-A8EA-DADD392A3E41}.Release|x64.Build.0 = Release|Any CPU
		{E7877423-FAAF-4797-A8EA-DADD392A3E41}.Release|x86.ActiveCfg = Release|Any CPU
		{E7877423-FAAF-4797-A8EA-DADD392A3E41}.Release|x86.Build.0 = Release|Any CPU
		{018A124B-04D8-4977-9234-6018DB97FF8F}.Debug|Any CPU.ActiveCfg = Debug|Any CPU
		{018A124B-04D8-4977-9234-6018DB97FF8F}.Debug|Any CPU.Build.0 = Debug|Any CPU
		{018A124B-04D8-4977-9234-6018DB97FF8F}.Debug|x64.ActiveCfg = Debug|Any CPU
		{018A124B-04D8-4977-9234-6018DB97FF8F}.Debug|x64.Build.0 = Debug|Any CPU
		{018A124B-04D8-4977-9234-6018DB97FF8F}.Debug|x86.ActiveCfg = Debug|Any CPU
		{018A124B-04D8-4977-9234-6018DB97FF8F}.Debug|x86.Build.0 = Debug|Any CPU
		{018A124B-04D8-4977-9234-6018DB97FF8F}.Release|Any CPU.ActiveCfg = Release|Any CPU
		{018A124B-04D8-4977-9234-6018DB97FF8F}.Release|Any CPU.Build.0 = Release|Any CPU
		{018A124B-04D8-4977-9234-6018DB97FF8F}.Release|x64.ActiveCfg = Release|Any CPU
		{018A124B-04D8-4977-9234-6018DB97FF8F}.Release|x64.Build.0 = Release|Any CPU
		{018A124B-04D8-4977-9234-6018DB97FF8F}.Release|x86.ActiveCfg = Release|Any CPU
		{018A124B-04D8-4977-9234-6018DB97FF8F}.Release|x86.Build.0 = Release|Any CPU
		{2A2A7981-F629-4777-8BAE-A1993BCD5CB6}.Debug|Any CPU.ActiveCfg = Debug|Any CPU
		{2A2A7981-F629-4777-8BAE-A1993BCD5CB6}.Debug|Any CPU.Build.0 = Debug|Any CPU
		{2A2A7981-F629-4777-8BAE-A1993BCD5CB6}.Debug|x64.ActiveCfg = Debug|Any CPU
		{2A2A7981-F629-4777-8BAE-A1993BCD5CB6}.Debug|x64.Build.0 = Debug|Any CPU
		{2A2A7981-F629-4777-8BAE-A1993BCD5CB6}.Debug|x86.ActiveCfg = Debug|Any CPU
		{2A2A7981-F629-4777-8BAE-A1993BCD5CB6}.Debug|x86.Build.0 = Debug|Any CPU
		{2A2A7981-F629-4777-8BAE-A1993BCD5CB6}.Release|Any CPU.ActiveCfg = Release|Any CPU
		{2A2A7981-F629-4777-8BAE-A1993BCD5CB6}.Release|Any CPU.Build.0 = Release|Any CPU
		{2A2A7981-F629-4777-8BAE-A1993BCD5CB6}.Release|x64.ActiveCfg = Release|Any CPU
		{2A2A7981-F629-4777-8BAE-A1993BCD5CB6}.Release|x64.Build.0 = Release|Any CPU
		{2A2A7981-F629-4777-8BAE-A1993BCD5CB6}.Release|x86.ActiveCfg = Release|Any CPU
		{2A2A7981-F629-4777-8BAE-A1993BCD5CB6}.Release|x86.Build.0 = Release|Any CPU
		{3F5D6247-44C0-4E1D-874C-42118A187230}.Debug|Any CPU.ActiveCfg = Debug|Any CPU
		{3F5D6247-44C0-4E1D-874C-42118A187230}.Debug|Any CPU.Build.0 = Debug|Any CPU
		{3F5D6247-44C0-4E1D-874C-42118A187230}.Debug|x64.ActiveCfg = Debug|Any CPU
		{3F5D6247-44C0-4E1D-874C-42118A187230}.Debug|x64.Build.0 = Debug|Any CPU
		{3F5D6247-44C0-4E1D-874C-42118A187230}.Debug|x86.ActiveCfg = Debug|Any CPU
		{3F5D6247-44C0-4E1D-874C-42118A187230}.Debug|x86.Build.0 = Debug|Any CPU
		{3F5D6247-44C0-4E1D-874C-42118A187230}.Release|Any CPU.ActiveCfg = Release|Any CPU
		{3F5D6247-44C0-4E1D-874C-42118A187230}.Release|Any CPU.Build.0 = Release|Any CPU
		{3F5D6247-44C0-4E1D-874C-42118A187230}.Release|x64.ActiveCfg = Release|Any CPU
		{3F5D6247-44C0-4E1D-874C-42118A187230}.Release|x64.Build.0 = Release|Any CPU
		{3F5D6247-44C0-4E1D-874C-42118A187230}.Release|x86.ActiveCfg = Release|Any CPU
		{3F5D6247-44C0-4E1D-874C-42118A187230}.Release|x86.Build.0 = Release|Any CPU
		{1D6B52DB-4F05-4CD0-8658-9CC71F382FB6}.Debug|Any CPU.ActiveCfg = Debug|Any CPU
		{1D6B52DB-4F05-4CD0-8658-9CC71F382FB6}.Debug|Any CPU.Build.0 = Debug|Any CPU
		{1D6B52DB-4F05-4CD0-8658-9CC71F382FB6}.Debug|x64.ActiveCfg = Debug|Any CPU
		{1D6B52DB-4F05-4CD0-8658-9CC71F382FB6}.Debug|x64.Build.0 = Debug|Any CPU
		{1D6B52DB-4F05-4CD0-8658-9CC71F382FB6}.Debug|x86.ActiveCfg = Debug|Any CPU
		{1D6B52DB-4F05-4CD0-8658-9CC71F382FB6}.Debug|x86.Build.0 = Debug|Any CPU
		{1D6B52DB-4F05-4CD0-8658-9CC71F382FB6}.Release|Any CPU.ActiveCfg = Release|Any CPU
		{1D6B52DB-4F05-4CD0-8658-9CC71F382FB6}.Release|Any CPU.Build.0 = Release|Any CPU
		{1D6B52DB-4F05-4CD0-8658-9CC71F382FB6}.Release|x64.ActiveCfg = Release|Any CPU
		{1D6B52DB-4F05-4CD0-8658-9CC71F382FB6}.Release|x64.Build.0 = Release|Any CPU
		{1D6B52DB-4F05-4CD0-8658-9CC71F382FB6}.Release|x86.ActiveCfg = Release|Any CPU
		{1D6B52DB-4F05-4CD0-8658-9CC71F382FB6}.Release|x86.Build.0 = Release|Any CPU
		{6109B3FA-947C-42E8-974F-71B1AD99D2B8}.Debug|Any CPU.ActiveCfg = Debug|Any CPU
		{6109B3FA-947C-42E8-974F-71B1AD99D2B8}.Debug|Any CPU.Build.0 = Debug|Any CPU
		{6109B3FA-947C-42E8-974F-71B1AD99D2B8}.Debug|x64.ActiveCfg = Debug|Any CPU
		{6109B3FA-947C-42E8-974F-71B1AD99D2B8}.Debug|x64.Build.0 = Debug|Any CPU
		{6109B3FA-947C-42E8-974F-71B1AD99D2B8}.Debug|x86.ActiveCfg = Debug|Any CPU
		{6109B3FA-947C-42E8-974F-71B1AD99D2B8}.Debug|x86.Build.0 = Debug|Any CPU
		{6109B3FA-947C-42E8-974F-71B1AD99D2B8}.Release|Any CPU.ActiveCfg = Release|Any CPU
		{6109B3FA-947C-42E8-974F-71B1AD99D2B8}.Release|Any CPU.Build.0 = Release|Any CPU
		{6109B3FA-947C-42E8-974F-71B1AD99D2B8}.Release|x64.ActiveCfg = Release|Any CPU
		{6109B3FA-947C-42E8-974F-71B1AD99D2B8}.Release|x64.Build.0 = Release|Any CPU
		{6109B3FA-947C-42E8-974F-71B1AD99D2B8}.Release|x86.ActiveCfg = Release|Any CPU
		{6109B3FA-947C-42E8-974F-71B1AD99D2B8}.Release|x86.Build.0 = Release|Any CPU
		{7782A970-8A88-4D5C-9172-5D396439A2CA}.Debug|Any CPU.ActiveCfg = Debug|Any CPU
		{7782A970-8A88-4D5C-9172-5D396439A2CA}.Debug|Any CPU.Build.0 = Debug|Any CPU
		{7782A970-8A88-4D5C-9172-5D396439A2CA}.Debug|x64.ActiveCfg = Debug|Any CPU
		{7782A970-8A88-4D5C-9172-5D396439A2CA}.Debug|x64.Build.0 = Debug|Any CPU
		{7782A970-8A88-4D5C-9172-5D396439A2CA}.Debug|x86.ActiveCfg = Debug|Any CPU
		{7782A970-8A88-4D5C-9172-5D396439A2CA}.Debug|x86.Build.0 = Debug|Any CPU
		{7782A970-8A88-4D5C-9172-5D396439A2CA}.Release|Any CPU.ActiveCfg = Release|Any CPU
		{7782A970-8A88-4D5C-9172-5D396439A2CA}.Release|Any CPU.Build.0 = Release|Any CPU
		{7782A970-8A88-4D5C-9172-5D396439A2CA}.Release|x64.ActiveCfg = Release|Any CPU
		{7782A970-8A88-4D5C-9172-5D396439A2CA}.Release|x64.Build.0 = Release|Any CPU
		{7782A970-8A88-4D5C-9172-5D396439A2CA}.Release|x86.ActiveCfg = Release|Any CPU
		{7782A970-8A88-4D5C-9172-5D396439A2CA}.Release|x86.Build.0 = Release|Any CPU
		{2440DADE-E616-4649-8889-4BF56FCA0D39}.Debug|Any CPU.ActiveCfg = Debug|Any CPU
		{2440DADE-E616-4649-8889-4BF56FCA0D39}.Debug|Any CPU.Build.0 = Debug|Any CPU
		{2440DADE-E616-4649-8889-4BF56FCA0D39}.Debug|x64.ActiveCfg = Debug|Any CPU
		{2440DADE-E616-4649-8889-4BF56FCA0D39}.Debug|x64.Build.0 = Debug|Any CPU
		{2440DADE-E616-4649-8889-4BF56FCA0D39}.Debug|x86.ActiveCfg = Debug|Any CPU
		{2440DADE-E616-4649-8889-4BF56FCA0D39}.Debug|x86.Build.0 = Debug|Any CPU
		{2440DADE-E616-4649-8889-4BF56FCA0D39}.Release|Any CPU.ActiveCfg = Release|Any CPU
		{2440DADE-E616-4649-8889-4BF56FCA0D39}.Release|Any CPU.Build.0 = Release|Any CPU
		{2440DADE-E616-4649-8889-4BF56FCA0D39}.Release|x64.ActiveCfg = Release|Any CPU
		{2440DADE-E616-4649-8889-4BF56FCA0D39}.Release|x64.Build.0 = Release|Any CPU
		{2440DADE-E616-4649-8889-4BF56FCA0D39}.Release|x86.ActiveCfg = Release|Any CPU
		{2440DADE-E616-4649-8889-4BF56FCA0D39}.Release|x86.Build.0 = Release|Any CPU
		{EB8EF47E-EA81-432E-A45C-1033435FEC98}.Debug|Any CPU.ActiveCfg = Debug|Any CPU
		{EB8EF47E-EA81-432E-A45C-1033435FEC98}.Debug|Any CPU.Build.0 = Debug|Any CPU
		{EB8EF47E-EA81-432E-A45C-1033435FEC98}.Debug|x64.ActiveCfg = Debug|Any CPU
		{EB8EF47E-EA81-432E-A45C-1033435FEC98}.Debug|x64.Build.0 = Debug|Any CPU
		{EB8EF47E-EA81-432E-A45C-1033435FEC98}.Debug|x86.ActiveCfg = Debug|Any CPU
		{EB8EF47E-EA81-432E-A45C-1033435FEC98}.Debug|x86.Build.0 = Debug|Any CPU
		{EB8EF47E-EA81-432E-A45C-1033435FEC98}.Release|Any CPU.ActiveCfg = Release|Any CPU
		{EB8EF47E-EA81-432E-A45C-1033435FEC98}.Release|Any CPU.Build.0 = Release|Any CPU
		{EB8EF47E-EA81-432E-A45C-1033435FEC98}.Release|x64.ActiveCfg = Release|Any CPU
		{EB8EF47E-EA81-432E-A45C-1033435FEC98}.Release|x64.Build.0 = Release|Any CPU
		{EB8EF47E-EA81-432E-A45C-1033435FEC98}.Release|x86.ActiveCfg = Release|Any CPU
		{EB8EF47E-EA81-432E-A45C-1033435FEC98}.Release|x86.Build.0 = Release|Any CPU
		{0D034C95-D07D-4B2C-9B04-FD1A55530244}.Debug|Any CPU.ActiveCfg = Debug|Any CPU
		{0D034C95-D07D-4B2C-9B04-FD1A55530244}.Debug|Any CPU.Build.0 = Debug|Any CPU
		{0D034C95-D07D-4B2C-9B04-FD1A55530244}.Debug|x64.ActiveCfg = Debug|Any CPU
		{0D034C95-D07D-4B2C-9B04-FD1A55530244}.Debug|x64.Build.0 = Debug|Any CPU
		{0D034C95-D07D-4B2C-9B04-FD1A55530244}.Debug|x86.ActiveCfg = Debug|Any CPU
		{0D034C95-D07D-4B2C-9B04-FD1A55530244}.Debug|x86.Build.0 = Debug|Any CPU
		{0D034C95-D07D-4B2C-9B04-FD1A55530244}.Release|Any CPU.ActiveCfg = Release|Any CPU
		{0D034C95-D07D-4B2C-9B04-FD1A55530244}.Release|Any CPU.Build.0 = Release|Any CPU
		{0D034C95-D07D-4B2C-9B04-FD1A55530244}.Release|x64.ActiveCfg = Release|Any CPU
		{0D034C95-D07D-4B2C-9B04-FD1A55530244}.Release|x64.Build.0 = Release|Any CPU
		{0D034C95-D07D-4B2C-9B04-FD1A55530244}.Release|x86.ActiveCfg = Release|Any CPU
		{0D034C95-D07D-4B2C-9B04-FD1A55530244}.Release|x86.Build.0 = Release|Any CPU
	EndGlobalSection
	GlobalSection(SolutionProperties) = preSolution
		HideSolutionNode = FALSE
	EndGlobalSection
	GlobalSection(NestedProjects) = preSolution
		{0D034C95-D07D-4B2C-9B04-FD1A55530244} = {52C22BE7-582B-9475-5D84-56A5B47D2311}
	EndGlobalSection
EndGlobal
